
Microsoft Visual Studio Solution File, Format Version 12.00
# Visual Studio Version 16
VisualStudioVersion = 16.0.32228.343
MinimumVisualStudioVersion = 10.0.40219.1
Project("{FAE04EC0-301F-11D3-BF4B-00C04F79EFBC}") = "API_cartao1", "API_cartao1.csproj", "{A8BF38B4-3C16-4010-9131-ABA87D01B5EF}"
EndProject
Global
	GlobalSection(SolutionConfigurationPlatforms) = preSolution
		Debug|Any CPU = Debug|Any CPU
		Release|Any CPU = Release|Any CPU
	EndGlobalSection
	GlobalSection(ProjectConfigurationPlatforms) = postSolution
		{A8BF38B4-3C16-4010-9131-ABA87D01B5EF}.Debug|Any CPU.ActiveCfg = Debug|Any CPU
		{A8BF38B4-3C16-4010-9131-ABA87D01B5EF}.Debug|Any CPU.Build.0 = Debug|Any CPU
		{A8BF38B4-3C16-4010-9131-ABA87D01B5EF}.Release|Any CPU.ActiveCfg = Release|Any CPU
		{A8BF38B4-3C16-4010-9131-ABA87D01B5EF}.Release|Any CPU.Build.0 = Release|Any CPU
	EndGlobalSection
	GlobalSection(SolutionProperties) = preSolution
		HideSolutionNode = FALSE
	EndGlobalSection
	GlobalSection(ExtensibilityGlobals) = postSolution
		SolutionGuid = {4312E8AF-CCDF-42E5-8FF4-E411A37E991B}
	EndGlobalSection
EndGlobal
